
Microsoft Visual Studio Solution File, Format Version 12.00
# Visual Studio Version 16
VisualStudioVersion = 16.0.31005.135
MinimumVisualStudioVersion = 10.0.40219.1
Project("{9A19103F-16F7-4668-BE54-9A1E7A4F7556}") = "SimpleGraphEditor", "simple_graph_editor\SimpleGraphEditor.csproj", "{3D403EF6-2628-4F65-8EAA-9174EA8AE093}"
EndProject
Project("{FAE04EC0-301F-11D3-BF4B-00C04F79EFBC}") = "XUnitTestSimpleGraphEditor", "XUnitTestSimpleGraphEditor\XUnitTestSimpleGraphEditor.csproj", "{94718F1E-A125-4C54-9795-314BCF3160F8}"
EndProject
Global
	GlobalSection(SolutionConfigurationPlatforms) = preSolution
		Debug|Any CPU = Debug|Any CPU
		Release|Any CPU = Release|Any CPU
	EndGlobalSection
	GlobalSection(ProjectConfigurationPlatforms) = postSolution
		{3D403EF6-2628-4F65-8EAA-9174EA8AE093}.Debug|Any CPU.ActiveCfg = Debug|Any CPU
		{3D403EF6-2628-4F65-8EAA-9174EA8AE093}.Debug|Any CPU.Build.0 = Debug|Any CPU
		{3D403EF6-2628-4F65-8EAA-9174EA8AE093}.Release|Any CPU.ActiveCfg = Release|Any CPU
		{3D403EF6-2628-4F65-8EAA-9174EA8AE093}.Release|Any CPU.Build.0 = Release|Any CPU
		{94718F1E-A125-4C54-9795-314BCF3160F8}.Debug|Any CPU.ActiveCfg = Debug|Any CPU
		{94718F1E-A125-4C54-9795-314BCF3160F8}.Debug|Any CPU.Build.0 = Debug|Any CPU
		{94718F1E-A125-4C54-9795-314BCF3160F8}.Release|Any CPU.ActiveCfg = Release|Any CPU
		{94718F1E-A125-4C54-9795-314BCF3160F8}.Release|Any CPU.Build.0 = Release|Any CPU
	EndGlobalSection
	GlobalSection(SolutionProperties) = preSolution
		HideSolutionNode = FALSE
	EndGlobalSection
	GlobalSection(ExtensibilityGlobals) = postSolution
		SolutionGuid = {A8DEDEF2-4773-4407-9154-1B60C9CE3444}
	EndGlobalSection
EndGlobal
